
Microsoft Visual Studio Solution File, Format Version 12.00
# Visual Studio Version 17
VisualStudioVersion = 17.0.31903.59
MinimumVisualStudioVersion = 10.0.40219.1
Project("{2150E333-8FDC-42A3-9474-1A3956D46DE8}") = "src", "src", "{EA26EFE9-2E5E-41C1-A8FD-290A14638D77}"
EndProject
Project("{FAE04EC0-301F-11D3-BF4B-00C04F79EFBC}") = "SlackGPT.Application", "src\SlackGPT.Application\SlackGPT.Application.csproj", "{BF9AD072-8AE0-4441-9D18-700064B0A68A}"
EndProject
Project("{FAE04EC0-301F-11D3-BF4B-00C04F79EFBC}") = "SlackGPT.Api", "src\SlackGPT.Api\SlackGPT.Api.csproj", "{048391EB-0E27-4E8E-8284-17BDEEC3A1AF}"
EndProject
Project("{FAE04EC0-301F-11D3-BF4B-00C04F79EFBC}") = "SlackGPT.Domain", "src\SlackGPT.Domain\SlackGPT.Domain.csproj", "{CF64D9CC-5B9A-4C20-B28B-6A98328F6D2A}"
EndProject
Project("{FAE04EC0-301F-11D3-BF4B-00C04F79EFBC}") = "SlackGPT.Contracts", "src\SlackGPT.Contracts\SlackGPT.Contracts.csproj", "{6D75E255-EE01-403E-A2D4-37540D35EDD5}"
EndProject
Project("{FAE04EC0-301F-11D3-BF4B-00C04F79EFBC}") = "SlackGPT.Infrastructure", "src\SlackGPT.Infrastructure\SlackGPT.Infrastructure.csproj", "{5A32F2F8-659E-406D-92DB-60E8E6EC316C}"
EndProject
Project("{2150E333-8FDC-42A3-9474-1A3956D46DE8}") = "tests", "tests", "{31013FD5-7743-4DA2-86DD-9A10A00E0C44}"
EndProject
Project("{2150E333-8FDC-42A3-9474-1A3956D46DE8}") = "UnitTests", "UnitTests", "{0AC4804A-CA8C-4BEC-8637-2F4E3196C063}"
EndProject
Project("{FAE04EC0-301F-11D3-BF4B-00C04F79EFBC}") = "SlackGPT.Api.Test", "tests\UnitTests\SlackGPT.Api.Test\SlackGPT.Api.Test.csproj", "{D2E37525-B3F1-48CA-9A11-78B843D454D5}"
EndProject
Project("{FAE04EC0-301F-11D3-BF4B-00C04F79EFBC}") = "SlackGPT.Domain.Test", "tests\UnitTests\SlackGPT.Domain.Test\SlackGPT.Domain.Test.csproj", "{082808CA-32A9-41AC-AE99-7534C83C762D}"
EndProject
Project("{FAE04EC0-301F-11D3-BF4B-00C04F79EFBC}") = "SlackGPT.Infrastructure.Test", "tests\UnitTests\SlackGPT.Infrastructure.Test\SlackGPT.Infrastructure.Test.csproj", "{41BA81FF-D9E8-471F-81B5-9EB1418ADD9E}"
EndProject
Project("{FAE04EC0-301F-11D3-BF4B-00C04F79EFBC}") = "SlackGPT.Contracts.Test", "tests\UnitTests\SlackGPT.Contracts.Test\SlackGPT.Contracts.Test.csproj", "{95BE8AE0-F2B7-4B3B-AA50-2E438AC8945D}"
EndProject
Project("{FAE04EC0-301F-11D3-BF4B-00C04F79EFBC}") = "SlackGPT.Application.Test", "tests\UnitTests\SlackGPT.Application.Test\SlackGPT.Application.Test.csproj", "{F93284E2-A476-4523-8441-2C351C5E0DED}"
EndProject
Global
	GlobalSection(SolutionConfigurationPlatforms) = preSolution
		Debug|Any CPU = Debug|Any CPU
		Release|Any CPU = Release|Any CPU
	EndGlobalSection
	GlobalSection(SolutionProperties) = preSolution
		HideSolutionNode = FALSE
	EndGlobalSection
	GlobalSection(ProjectConfigurationPlatforms) = postSolution
		{BF9AD072-8AE0-4441-9D18-700064B0A68A}.Debug|Any CPU.ActiveCfg = Debug|Any CPU
		{BF9AD072-8AE0-4441-9D18-700064B0A68A}.Debug|Any CPU.Build.0 = Debug|Any CPU
		{BF9AD072-8AE0-4441-9D18-700064B0A68A}.Release|Any CPU.ActiveCfg = Release|Any CPU
		{BF9AD072-8AE0-4441-9D18-700064B0A68A}.Release|Any CPU.Build.0 = Release|Any CPU
		{048391EB-0E27-4E8E-8284-17BDEEC3A1AF}.Debug|Any CPU.ActiveCfg = Debug|Any CPU
		{048391EB-0E27-4E8E-8284-17BDEEC3A1AF}.Debug|Any CPU.Build.0 = Debug|Any CPU
		{048391EB-0E27-4E8E-8284-17BDEEC3A1AF}.Release|Any CPU.ActiveCfg = Release|Any CPU
		{048391EB-0E27-4E8E-8284-17BDEEC3A1AF}.Release|Any CPU.Build.0 = Release|Any CPU
		{CF64D9CC-5B9A-4C20-B28B-6A98328F6D2A}.Debug|Any CPU.ActiveCfg = Debug|Any CPU
		{CF64D9CC-5B9A-4C20-B28B-6A98328F6D2A}.Debug|Any CPU.Build.0 = Debug|Any CPU
		{CF64D9CC-5B9A-4C20-B28B-6A98328F6D2A}.Release|Any CPU.ActiveCfg = Release|Any CPU
		{CF64D9CC-5B9A-4C20-B28B-6A98328F6D2A}.Release|Any CPU.Build.0 = Release|Any CPU
		{6D75E255-EE01-403E-A2D4-37540D35EDD5}.Debug|Any CPU.ActiveCfg = Debug|Any CPU
		{6D75E255-EE01-403E-A2D4-37540D35EDD5}.Debug|Any CPU.Build.0 = Debug|Any CPU
		{6D75E255-EE01-403E-A2D4-37540D35EDD5}.Release|Any CPU.ActiveCfg = Release|Any CPU
		{6D75E255-EE01-403E-A2D4-37540D35EDD5}.Release|Any CPU.Build.0 = Release|Any CPU
		{5A32F2F8-659E-406D-92DB-60E8E6EC316C}.Debug|Any CPU.ActiveCfg = Debug|Any CPU
		{5A32F2F8-659E-406D-92DB-60E8E6EC316C}.Debug|Any CPU.Build.0 = Debug|Any CPU
		{5A32F2F8-659E-406D-92DB-60E8E6EC316C}.Release|Any CPU.ActiveCfg = Release|Any CPU
		{5A32F2F8-659E-406D-92DB-60E8E6EC316C}.Release|Any CPU.Build.0 = Release|Any CPU
		{D2E37525-B3F1-48CA-9A11-78B843D454D5}.Debug|Any CPU.ActiveCfg = Debug|Any CPU
		{D2E37525-B3F1-48CA-9A11-78B843D454D5}.Debug|Any CPU.Build.0 = Debug|Any CPU
		{D2E37525-B3F1-48CA-9A11-78B843D454D5}.Release|Any CPU.ActiveCfg = Release|Any CPU
		{D2E37525-B3F1-48CA-9A11-78B843D454D5}.Release|Any CPU.Build.0 = Release|Any CPU
		{082808CA-32A9-41AC-AE99-7534C83C762D}.Debug|Any CPU.ActiveCfg = Debug|Any CPU
		{082808CA-32A9-41AC-AE99-7534C83C762D}.Debug|Any CPU.Build.0 = Debug|Any CPU
		{082808CA-32A9-41AC-AE99-7534C83C762D}.Release|Any CPU.ActiveCfg = Release|Any CPU
		{082808CA-32A9-41AC-AE99-7534C83C762D}.Release|Any CPU.Build.0 = Release|Any CPU
		{41BA81FF-D9E8-471F-81B5-9EB1418ADD9E}.Debug|Any CPU.ActiveCfg = Debug|Any CPU
		{41BA81FF-D9E8-471F-81B5-9EB1418ADD9E}.Debug|Any CPU.Build.0 = Debug|Any CPU
		{41BA81FF-D9E8-471F-81B5-9EB1418ADD9E}.Release|Any CPU.ActiveCfg = Release|Any CPU
		{41BA81FF-D9E8-471F-81B5-9EB1418ADD9E}.Release|Any CPU.Build.0 = Release|Any CPU
		{95BE8AE0-F2B7-4B3B-AA50-2E438AC8945D}.Debug|Any CPU.ActiveCfg = Debug|Any CPU
		{95BE8AE0-F2B7-4B3B-AA50-2E438AC8945D}.Debug|Any CPU.Build.0 = Debug|Any CPU
		{95BE8AE0-F2B7-4B3B-AA50-2E438AC8945D}.Release|Any CPU.ActiveCfg = Release|Any CPU
		{95BE8AE0-F2B7-4B3B-AA50-2E438AC8945D}.Release|Any CPU.Build.0 = Release|Any CPU
		{F93284E2-A476-4523-8441-2C351C5E0DED}.Debug|Any CPU.ActiveCfg = Debug|Any CPU
		{F93284E2-A476-4523-8441-2C351C5E0DED}.Debug|Any CPU.Build.0 = Debug|Any CPU
		{F93284E2-A476-4523-8441-2C351C5E0DED}.Release|Any CPU.ActiveCfg = Release|Any CPU
		{F93284E2-A476-4523-8441-2C351C5E0DED}.Release|Any CPU.Build.0 = Release|Any CPU
	EndGlobalSection
	GlobalSection(NestedProjects) = preSolution
		{BF9AD072-8AE0-4441-9D18-700064B0A68A} = {EA26EFE9-2E5E-41C1-A8FD-290A14638D77}
		{048391EB-0E27-4E8E-8284-17BDEEC3A1AF} = {EA26EFE9-2E5E-41C1-A8FD-290A14638D77}
		{CF64D9CC-5B9A-4C20-B28B-6A98328F6D2A} = {EA26EFE9-2E5E-41C1-A8FD-290A14638D77}
		{6D75E255-EE01-403E-A2D4-37540D35EDD5} = {EA26EFE9-2E5E-41C1-A8FD-290A14638D77}
		{5A32F2F8-659E-406D-92DB-60E8E6EC316C} = {EA26EFE9-2E5E-41C1-A8FD-290A14638D77}
		{0AC4804A-CA8C-4BEC-8637-2F4E3196C063} = {31013FD5-7743-4DA2-86DD-9A10A00E0C44}
		{D2E37525-B3F1-48CA-9A11-78B843D454D5} = {0AC4804A-CA8C-4BEC-8637-2F4E3196C063}
		{082808CA-32A9-41AC-AE99-7534C83C762D} = {0AC4804A-CA8C-4BEC-8637-2F4E3196C063}
		{41BA81FF-D9E8-471F-81B5-9EB1418ADD9E} = {0AC4804A-CA8C-4BEC-8637-2F4E3196C063}
		{95BE8AE0-F2B7-4B3B-AA50-2E438AC8945D} = {0AC4804A-CA8C-4BEC-8637-2F4E3196C063}
		{F93284E2-A476-4523-8441-2C351C5E0DED} = {0AC4804A-CA8C-4BEC-8637-2F4E3196C063}
	EndGlobalSection
EndGlobal
